{
    "name": "drupal-smart-snippets",
    "version": "2.2.1",
    "lockfileVersion": 3,
    "requires": true,
    "packages": {
        "": {
            "name": "drupal-smart-snippets",
            "version": "2.2.1",
            "dependencies": {
                "php-parser": "^3.1.4"
            },
            "engines": {
                "vscode": "^1.49.0"
            }
        },
        "node_modules/php-parser": {
            "version": "3.2.2",
            "resolved": "https://registry.npmjs.org/php-parser/-/php-parser-3.2.2.tgz",
            "integrity": "sha512-voj3rzCJmEbwHwH3QteON28wA6K+JbcaJEofyUZkUXmcViiXofjbSbcE5PtqtjX6nstnnAEYCFoRq0mkjP5/cg==",
            "license": "BSD-3-Clause"
        }
    }
}
