# THIS IS AN AUTOGENERATED FILE. DO NOT EDIT THIS FILE DIRECTLY.
# yarn lockfile v1


"@kwsites/file-exists@^1.1.1":
  version "1.1.1"
  resolved "https://registry.yarnpkg.com/@kwsites/file-exists/-/file-exists-1.1.1.tgz#ad1efcac13e1987d8dbaf235ef3be5b0d96faa99"
  integrity sha512-m9/5YGR18lIwxSFDwfE3oA7bWuq9kdau6ugN4H2rJeyhFQZcG9AgSHkQtSD15a8WvTgfz9aikZMrKPHvbpqFiw==
  dependencies:
    debug "^4.1.1"

"@kwsites/promise-deferred@^1.1.1":
  version "1.1.1"
  resolved "https://registry.yarnpkg.com/@kwsites/promise-deferred/-/promise-deferred-1.1.1.tgz#8ace5259254426ccef57f3175bc64ed7095ed919"
  integrity sha512-GaHYm+c0O9MjZRu0ongGBRbinu8gVAMd2UZjji6jVmqKtZluZnptXGWhz1E8j8D2HJ3f/yMxKAUC0b+57wncIw==

debug@^4.1.1, debug@^4.3.4:
  version "4.3.4"
  resolved "https://registry.yarnpkg.com/debug/-/debug-4.3.4.tgz#1319f6579357f2338d3337d2cdd4914bb5dcc865"
  integrity sha512-PRWFHuSU3eDtQJPvnNY7Jcket1j0t5OuOsFzPPzsekD52Zl8qUfFIPEiswXqIvHWGVHOgX+7G/vCNNhehwxfkQ==
  dependencies:
    ms "2.1.2"

find@^0.3.0:
  version "0.3.0"
  resolved "https://registry.yarnpkg.com/find/-/find-0.3.0.tgz#4082e8fc8d8320f1a382b5e4f521b9bc50775cb8"
  integrity sha512-iSd+O4OEYV/I36Zl8MdYJO0xD82wH528SaCieTVHhclgiYNe9y+yPKSwK+A7/WsmHL1EZ+pYUJBXWTL5qofksw==
  dependencies:
    traverse-chain "~0.1.0"

he@^1.2.0:
  version "1.2.0"
  resolved "https://registry.yarnpkg.com/he/-/he-1.2.0.tgz#84ae65fa7eafb165fddb61566ae14baf05664f0f"
  integrity sha512-F/1DnUGPopORZi0ni+CvrCgHQ5FyEAHRLSApuYWMmrbSwoN2Mn/7k+Gl38gJnR7yyDZk6WLXwiGod1JOWNDKGw==

ms@2.1.2:
  version "2.1.2"
  resolved "https://registry.yarnpkg.com/ms/-/ms-2.1.2.tgz#d09d1f357b443f493382a8eb3ccd183872ae6009"
  integrity sha512-sGkPx+VjMtmA6MX27oA4FBFELFCZZ4S4XqeGOXCv68tT+jb3vk/RyaKWP0PTKyWtmLSM0b+adUTEvbs1PEaH2w==

php-parser@^3.1.4:
  version "3.1.4"
  resolved "https://registry.yarnpkg.com/php-parser/-/php-parser-3.1.4.tgz#165a594bf9d7fb516b89d1ecf62a361083a482f8"
  integrity sha512-WUEfH4FWsVItqgOknM67msDdcUAfgPJsHhPNl6EPXzWtX+PfdY282m4i8YIJ9ALUEhf+qGDajdmW+VYqSd7Deg==

simple-git@^3.20.0:
  version "3.20.0"
  resolved "https://registry.yarnpkg.com/simple-git/-/simple-git-3.20.0.tgz#ff9c3f736d6b2bf0e3510209569d206aac84833d"
  integrity sha512-ozK8tl2hvLts8ijTs18iFruE+RoqmC/mqZhjs/+V7gS5W68JpJ3+FCTmLVqmR59MaUQ52MfGQuWsIqfsTbbJ0Q==
  dependencies:
    "@kwsites/file-exists" "^1.1.1"
    "@kwsites/promise-deferred" "^1.1.1"
    debug "^4.3.4"

traverse-chain@~0.1.0:
  version "0.1.0"
  resolved "https://registry.yarnpkg.com/traverse-chain/-/traverse-chain-0.1.0.tgz#61dbc2d53b69ff6091a12a168fd7d433107e40f1"
  integrity sha512-up6Yvai4PYKhpNp5PkYtx50m3KbwQrqDwbuZP/ItyL64YEWHAvH6Md83LFLV/GRSk/BoUVwwgUzX6SOQSbsfAg==

yaml@^2.3.3:
  version "2.3.3"
  resolved "https://registry.yarnpkg.com/yaml/-/yaml-2.3.3.tgz#01f6d18ef036446340007db8e016810e5d64aad9"
  integrity sha512-zw0VAJxgeZ6+++/su5AFoqBbZbrEakwu+X0M5HmcwUiBL7AzcuPKjj5we4xfQLp78LkEMpD0cOnUhmgOVy3KdQ==
